
Microsoft Visual Studio Solution File, Format Version 12.00
# Visual Studio Version 17
VisualStudioVersion = 17.14.37411.7
MinimumVisualStudioVersion = 10.0.40219.1
Project("{FAE04EC0-301F-11D3-BF4B-00C04F79EFBC}") = "IndustrialIoT.DeviceSimulator", "IndustrialIoT.DeviceSimulator\IndustrialIoT.DeviceSimulator.csproj", "{575D3C73-6EDF-4CEE-8D84-DF5DEC126D95}"
	ProjectSection(ProjectDependencies) = postProject
		{477C8891-3B34-4D52-8C6E-C5CAC7DDDAF8} = {477C8891-3B34-4D52-8C6E-C5CAC7DDDAF8}
	EndProjectSection
EndProject
Project("{2150E333-8FDC-42A3-9474-1A3956D46DE8}") = "DeviceLayer", "DeviceLayer", "{02EA681E-C7D8-13C7-8484-4AC65E1B71E8}"
EndProject
Project("{2150E333-8FDC-42A3-9474-1A3956D46DE8}") = "Shared", "Shared", "{AA45FF07-EF6A-4F82-9D21-3C7BFDBECBB6}"
EndProject
Project("{FAE04EC0-301F-11D3-BF4B-00C04F79EFBC}") = "IndustrialIoT.Shared", "IndustrialIoT.Shared\IndustrialIoT.Shared.csproj", "{477C8891-3B34-4D52-8C6E-C5CAC7DDDAF8}"
EndProject
Project("{2150E333-8FDC-42A3-9474-1A3956D46DE8}") = "Desktop", "Desktop", "{B0EA32F4-2456-459E-B375-513A1DDA0D65}"
EndProject
Project("{FAE04EC0-301F-11D3-BF4B-00C04F79EFBC}") = "IndustrialIoT.Desktop", "IndustrialIoT.Desktop\IndustrialIoT.Desktop.csproj", "{F1407F96-FFDD-4016-819E-8431FAD66C3C}"
	ProjectSection(ProjectDependencies) = postProject
		{477C8891-3B34-4D52-8C6E-C5CAC7DDDAF8} = {477C8891-3B34-4D52-8C6E-C5CAC7DDDAF8}
	EndProjectSection
EndProject
Global
	GlobalSection(SolutionConfigurationPlatforms) = preSolution
		Debug|Any CPU = Debug|Any CPU
		Release|Any CPU = Release|Any CPU
	EndGlobalSection
	GlobalSection(ProjectConfigurationPlatforms) = postSolution
		{575D3C73-6EDF-4CEE-8D84-DF5DEC126D95}.Debug|Any CPU.ActiveCfg = Debug|Any CPU
		{575D3C73-6EDF-4CEE-8D84-DF5DEC126D95}.Debug|Any CPU.Build.0 = Debug|Any CPU
		{575D3C73-6EDF-4CEE-8D84-DF5DEC126D95}.Release|Any CPU.ActiveCfg = Release|Any CPU
		{575D3C73-6EDF-4CEE-8D84-DF5DEC126D95}.Release|Any CPU.Build.0 = Release|Any CPU
		{477C8891-3B34-4D52-8C6E-C5CAC7DDDAF8}.Debug|Any CPU.ActiveCfg = Debug|Any CPU
		{477C8891-3B34-4D52-8C6E-C5CAC7DDDAF8}.Debug|Any CPU.Build.0 = Debug|Any CPU
		{477C8891-3B34-4D52-8C6E-C5CAC7DDDAF8}.Release|Any CPU.ActiveCfg = Release|Any CPU
		{477C8891-3B34-4D52-8C6E-C5CAC7DDDAF8}.Release|Any CPU.Build.0 = Release|Any CPU
		{F1407F96-FFDD-4016-819E-8431FAD66C3C}.Debug|Any CPU.ActiveCfg = Debug|Any CPU
		{F1407F96-FFDD-4016-819E-8431FAD66C3C}.Debug|Any CPU.Build.0 = Debug|Any CPU
		{F1407F96-FFDD-4016-819E-8431FAD66C3C}.Release|Any CPU.ActiveCfg = Release|Any CPU
		{F1407F96-FFDD-4016-819E-8431FAD66C3C}.Release|Any CPU.Build.0 = Release|Any CPU
	EndGlobalSection
	GlobalSection(SolutionProperties) = preSolution
		HideSolutionNode = FALSE
	EndGlobalSection
	GlobalSection(NestedProjects) = preSolution
		{575D3C73-6EDF-4CEE-8D84-DF5DEC126D95} = {02EA681E-C7D8-13C7-8484-4AC65E1B71E8}
		{477C8891-3B34-4D52-8C6E-C5CAC7DDDAF8} = {AA45FF07-EF6A-4F82-9D21-3C7BFDBECBB6}
		{F1407F96-FFDD-4016-819E-8431FAD66C3C} = {B0EA32F4-2456-459E-B375-513A1DDA0D65}
	EndGlobalSection
	GlobalSection(ExtensibilityGlobals) = postSolution
		SolutionGuid = {B4CF3396-8EA8-4F45-B3E3-27B930AC4378}
	EndGlobalSection
EndGlobal
